
Microsoft Visual Studio Solution File, Format Version 12.00
# Visual Studio 15
VisualStudioVersion = 15.0.28307.168
MinimumVisualStudioVersion = 10.0.40219.1
Project("{FAE04EC0-301F-11D3-BF4B-00C04F79EFBC}") = "GYMManagementSystem", "GYMManagementSystem\GYMManagementSystem.csproj", "{78BA6AFB-B9F5-492C-BD35-44FA611EFACF}"
EndProject
Project("{FAE04EC0-301F-11D3-BF4B-00C04F79EFBC}") = "BLL", "BLL\BLL.csproj", "{951007E6-463B-4135-AB5E-42F0F44935C5}"
EndProject
Project("{FAE04EC0-301F-11D3-BF4B-00C04F79EFBC}") = "BO", "BO\BO.csproj", "{FDAED121-BC70-4136-807C-97E34C66C1AE}"
EndProject
Project("{FAE04EC0-301F-11D3-BF4B-00C04F79EFBC}") = "DAL", "DAL\DAL.csproj", "{2CF2D441-9A8F-479B-8957-E46895FDD73A}"
EndProject
Project("{FAE04EC0-301F-11D3-BF4B-00C04F79EFBC}") = "ProjectInterface", "ProjectInterface\ProjectInterface.csproj", "{9B6778D6-98D6-4D62-8A17-E26709917663}"
EndProject
Global
	GlobalSection(SolutionConfigurationPlatforms) = preSolution
		Debug|Any CPU = Debug|Any CPU
		Release|Any CPU = Release|Any CPU
	EndGlobalSection
	GlobalSection(ProjectConfigurationPlatforms) = postSolution
		{78BA6AFB-B9F5-492C-BD35-44FA611EFACF}.Debug|Any CPU.ActiveCfg = Debug|Any CPU
		{78BA6AFB-B9F5-492C-BD35-44FA611EFACF}.Debug|Any CPU.Build.0 = Debug|Any CPU
		{78BA6AFB-B9F5-492C-BD35-44FA611EFACF}.Release|Any CPU.ActiveCfg = Release|Any CPU
		{78BA6AFB-B9F5-492C-BD35-44FA611EFACF}.Release|Any CPU.Build.0 = Release|Any CPU
		{951007E6-463B-4135-AB5E-42F0F44935C5}.Debug|Any CPU.ActiveCfg = Debug|Any CPU
		{951007E6-463B-4135-AB5E-42F0F44935C5}.Debug|Any CPU.Build.0 = Debug|Any CPU
		{951007E6-463B-4135-AB5E-42F0F44935C5}.Release|Any CPU.ActiveCfg = Release|Any CPU
		{951007E6-463B-4135-AB5E-42F0F44935C5}.Release|Any CPU.Build.0 = Release|Any CPU
		{FDAED121-BC70-4136-807C-97E34C66C1AE}.Debug|Any CPU.ActiveCfg = Debug|Any CPU
		{FDAED121-BC70-4136-807C-97E34C66C1AE}.Debug|Any CPU.Build.0 = Debug|Any CPU
		{FDAED121-BC70-4136-807C-97E34C66C1AE}.Release|Any CPU.ActiveCfg = Release|Any CPU
		{FDAED121-BC70-4136-807C-97E34C66C1AE}.Release|Any CPU.Build.0 = Release|Any CPU
		{2CF2D441-9A8F-479B-8957-E46895FDD73A}.Debug|Any CPU.ActiveCfg = Debug|Any CPU
		{2CF2D441-9A8F-479B-8957-E46895FDD73A}.Debug|Any CPU.Build.0 = Debug|Any CPU
		{2CF2D441-9A8F-479B-8957-E46895FDD73A}.Release|Any CPU.ActiveCfg = Release|Any CPU
		{2CF2D441-9A8F-479B-8957-E46895FDD73A}.Release|Any CPU.Build.0 = Release|Any CPU
		{9B6778D6-98D6-4D62-8A17-E26709917663}.Debug|Any CPU.ActiveCfg = Debug|Any CPU
		{9B6778D6-98D6-4D62-8A17-E26709917663}.Debug|Any CPU.Build.0 = Debug|Any CPU
		{9B6778D6-98D6-4D62-8A17-E26709917663}.Release|Any CPU.ActiveCfg = Release|Any CPU
		{9B6778D6-98D6-4D62-8A17-E26709917663}.Release|Any CPU.Build.0 = Release|Any CPU
	EndGlobalSection
	GlobalSection(SolutionProperties) = preSolution
		HideSolutionNode = FALSE
	EndGlobalSection
	GlobalSection(ExtensibilityGlobals) = postSolution
		SolutionGuid = {8AF28A6F-6AE0-41DD-BFED-2C359CB80A29}
	EndGlobalSection
EndGlobal
